
Microsoft Visual Studio Solution File, Format Version 12.00
# Visual Studio Version 16
VisualStudioVersion = 16.0.30621.155
MinimumVisualStudioVersion = 10.0.40219.1
Project("{9A19103F-16F7-4668-BE54-9A1E7A4F7556}") = "CrudMVC", "CrudMVC.csproj", "{69192BE2-A531-4A47-AE6F-013EE77346CD}"
EndProject
Global
	GlobalSection(SolutionConfigurationPlatforms) = preSolution
		Debug|Any CPU = Debug|Any CPU
		Release|Any CPU = Release|Any CPU
	EndGlobalSection
	GlobalSection(ProjectConfigurationPlatforms) = postSolution
		{69192BE2-A531-4A47-AE6F-013EE77346CD}.Debug|Any CPU.ActiveCfg = Debug|Any CPU
		{69192BE2-A531-4A47-AE6F-013EE77346CD}.Debug|Any CPU.Build.0 = Debug|Any CPU
		{69192BE2-A531-4A47-AE6F-013EE77346CD}.Release|Any CPU.ActiveCfg = Release|Any CPU
		{69192BE2-A531-4A47-AE6F-013EE77346CD}.Release|Any CPU.Build.0 = Release|Any CPU
	EndGlobalSection
	GlobalSection(SolutionProperties) = preSolution
		HideSolutionNode = FALSE
	EndGlobalSection
	GlobalSection(ExtensibilityGlobals) = postSolution
		SolutionGuid = {E33516DA-2C7F-4ED5-ADDC-D90B3F18BD26}
	EndGlobalSection
EndGlobal
